
Microsoft Visual Studio Solution File, Format Version 12.00
# Visual Studio Version 17
VisualStudioVersion = 17.5.33516.290
MinimumVisualStudioVersion = 10.0.40219.1
Project("{9A19103F-16F7-4668-BE54-9A1E7A4F7556}") = "Prova", "Prova.csproj", "{FE37691C-2E06-466E-BFBC-C681356AD78D}"
EndProject
Global
	GlobalSection(SolutionConfigurationPlatforms) = preSolution
		Debug|Any CPU = Debug|Any CPU
		Release|Any CPU = Release|Any CPU
	EndGlobalSection
	GlobalSection(ProjectConfigurationPlatforms) = postSolution
		{FE37691C-2E06-466E-BFBC-C681356AD78D}.Debug|Any CPU.ActiveCfg = Debug|Any CPU
		{FE37691C-2E06-466E-BFBC-C681356AD78D}.Debug|Any CPU.Build.0 = Debug|Any CPU
		{FE37691C-2E06-466E-BFBC-C681356AD78D}.Release|Any CPU.ActiveCfg = Release|Any CPU
		{FE37691C-2E06-466E-BFBC-C681356AD78D}.Release|Any CPU.Build.0 = Release|Any CPU
	EndGlobalSection
	GlobalSection(SolutionProperties) = preSolution
		HideSolutionNode = FALSE
	EndGlobalSection
	GlobalSection(ExtensibilityGlobals) = postSolution
		SolutionGuid = {34536E17-D5E8-4915-AE9D-0AD1C9E44E44}
	EndGlobalSection
EndGlobal
